
Microsoft Visual Studio Solution File, Format Version 12.00
# Visual Studio Version 17
VisualStudioVersion = 17.8.34408.163
MinimumVisualStudioVersion = 10.0.40219.1
Project("{8BC9CEB8-8B4A-11D0-8D11-00A0C91BC942}") = "PRCT_5_C++", "PRCT_5_C++\PRCT_5_C++.vcxproj", "{4348312E-035C-4605-99B4-0D0F19B729E7}"
EndProject
Global
	GlobalSection(SolutionConfigurationPlatforms) = preSolution
		Debug|x64 = Debug|x64
		Debug|x86 = Debug|x86
		Release|x64 = Release|x64
		Release|x86 = Release|x86
	EndGlobalSection
	GlobalSection(ProjectConfigurationPlatforms) = postSolution
		{4348312E-035C-4605-99B4-0D0F19B729E7}.Debug|x64.ActiveCfg = Debug|x64
		{4348312E-035C-4605-99B4-0D0F19B729E7}.Debug|x64.Build.0 = Debug|x64
		{4348312E-035C-4605-99B4-0D0F19B729E7}.Debug|x86.ActiveCfg = Debug|Win32
		{4348312E-035C-4605-99B4-0D0F19B729E7}.Debug|x86.Build.0 = Debug|Win32
		{4348312E-035C-4605-99B4-0D0F19B729E7}.Release|x64.ActiveCfg = Release|x64
		{4348312E-035C-4605-99B4-0D0F19B729E7}.Release|x64.Build.0 = Release|x64
		{4348312E-035C-4605-99B4-0D0F19B729E7}.Release|x86.ActiveCfg = Release|Win32
		{4348312E-035C-4605-99B4-0D0F19B729E7}.Release|x86.Build.0 = Release|Win32
	EndGlobalSection
	GlobalSection(SolutionProperties) = preSolution
		HideSolutionNode = FALSE
	EndGlobalSection
	GlobalSection(ExtensibilityGlobals) = postSolution
		SolutionGuid = {3F6EEE79-BDC8-459F-A6AC-69F3C5D8A16D}
	EndGlobalSection
EndGlobal
